# This file is automatically @generated by Cargo.
# It is not intended for manual editing.
version = 3

[[package]]
name = "felix-boot"
version = "0.3.1"

[[package]]
name = "felix-bootloader"
version = "0.3.1"

[[package]]
name = "felix-kernel"
version = "0.3.1"
dependencies = [
 "stdio",
]

[[package]]
name = "hello"
version = "0.1.0"
dependencies = [
 "stdio",
]

[[package]]
name = "stdio"
version = "0.1.0"
